
Microsoft Visual Studio Solution File, Format Version 12.00
# Visual Studio Version 17
VisualStudioVersion = 17.9.34902.65
MinimumVisualStudioVersion = 10.0.40219.1
Project("{FAE04EC0-301F-11D3-BF4B-00C04F79EFBC}") = "GasparrinoAgostina", "GasparrinoAgostina\GasparrinoAgostina.csproj", "{EC42FA95-B97C-44D4-974E-F8ACF08FFFCC}"
	ProjectSection(ProjectDependencies) = postProject
		{1EB76B45-6F61-42BE-9405-3A8281580107} = {1EB76B45-6F61-42BE-9405-3A8281580107}
		{62CD24F6-F646-4DEB-BC34-B7F5583CAC20} = {62CD24F6-F646-4DEB-BC34-B7F5583CAC20}
	EndProjectSection
EndProject
Project("{FAE04EC0-301F-11D3-BF4B-00C04F79EFBC}") = "GasparrinoAgostina.Entidades", "GasparrinoAgostina.Entidades\GasparrinoAgostina.Entidades.csproj", "{1EB76B45-6F61-42BE-9405-3A8281580107}"
EndProject
Project("{FAE04EC0-301F-11D3-BF4B-00C04F79EFBC}") = "GasparrinoAgostina.Services", "GasparrinoAgostina.Services\GasparrinoAgostina.Services.csproj", "{62CD24F6-F646-4DEB-BC34-B7F5583CAC20}"
EndProject
Global
	GlobalSection(SolutionConfigurationPlatforms) = preSolution
		Debug|Any CPU = Debug|Any CPU
		Release|Any CPU = Release|Any CPU
	EndGlobalSection
	GlobalSection(ProjectConfigurationPlatforms) = postSolution
		{EC42FA95-B97C-44D4-974E-F8ACF08FFFCC}.Debug|Any CPU.ActiveCfg = Debug|Any CPU
		{EC42FA95-B97C-44D4-974E-F8ACF08FFFCC}.Debug|Any CPU.Build.0 = Debug|Any CPU
		{EC42FA95-B97C-44D4-974E-F8ACF08FFFCC}.Release|Any CPU.ActiveCfg = Release|Any CPU
		{EC42FA95-B97C-44D4-974E-F8ACF08FFFCC}.Release|Any CPU.Build.0 = Release|Any CPU
		{1EB76B45-6F61-42BE-9405-3A8281580107}.Debug|Any CPU.ActiveCfg = Debug|Any CPU
		{1EB76B45-6F61-42BE-9405-3A8281580107}.Debug|Any CPU.Build.0 = Debug|Any CPU
		{1EB76B45-6F61-42BE-9405-3A8281580107}.Release|Any CPU.ActiveCfg = Release|Any CPU
		{1EB76B45-6F61-42BE-9405-3A8281580107}.Release|Any CPU.Build.0 = Release|Any CPU
		{62CD24F6-F646-4DEB-BC34-B7F5583CAC20}.Debug|Any CPU.ActiveCfg = Debug|Any CPU
		{62CD24F6-F646-4DEB-BC34-B7F5583CAC20}.Debug|Any CPU.Build.0 = Debug|Any CPU
		{62CD24F6-F646-4DEB-BC34-B7F5583CAC20}.Release|Any CPU.ActiveCfg = Release|Any CPU
		{62CD24F6-F646-4DEB-BC34-B7F5583CAC20}.Release|Any CPU.Build.0 = Release|Any CPU
	EndGlobalSection
	GlobalSection(SolutionProperties) = preSolution
		HideSolutionNode = FALSE
	EndGlobalSection
	GlobalSection(ExtensibilityGlobals) = postSolution
		SolutionGuid = {ECCF0897-6EAA-4EA7-A8F6-EE88189E0E90}
	EndGlobalSection
EndGlobal
